
Microsoft Visual Studio Solution File, Format Version 12.00
# Visual Studio 15
VisualStudioVersion = 15.0.27703.2035
MinimumVisualStudioVersion = 10.0.40219.1
Project("{FAE04EC0-301F-11D3-BF4B-00C04F79EFBC}") = "sample-app", "sample-app\sample-app.csproj", "{D53558A8-063C-4BE9-93EF-A1059FF09001}"
EndProject
Project("{E53339B2-1760-4266-BCC7-CA923CBCF16C}") = "docker-compose", "docker-compose.dcproj", "{08358BDA-A783-4179-80A5-1238E16A0D95}"
EndProject
Global
	GlobalSection(SolutionConfigurationPlatforms) = preSolution
		Debug|Any CPU = Debug|Any CPU
		Release|Any CPU = Release|Any CPU
	EndGlobalSection
	GlobalSection(ProjectConfigurationPlatforms) = postSolution
		{D53558A8-063C-4BE9-93EF-A1059FF09001}.Debug|Any CPU.ActiveCfg = Debug|Any CPU
		{D53558A8-063C-4BE9-93EF-A1059FF09001}.Debug|Any CPU.Build.0 = Debug|Any CPU
		{D53558A8-063C-4BE9-93EF-A1059FF09001}.Release|Any CPU.ActiveCfg = Release|Any CPU
		{D53558A8-063C-4BE9-93EF-A1059FF09001}.Release|Any CPU.Build.0 = Release|Any CPU
		{08358BDA-A783-4179-80A5-1238E16A0D95}.Debug|Any CPU.ActiveCfg = Debug|Any CPU
		{08358BDA-A783-4179-80A5-1238E16A0D95}.Debug|Any CPU.Build.0 = Debug|Any CPU
		{08358BDA-A783-4179-80A5-1238E16A0D95}.Release|Any CPU.ActiveCfg = Release|Any CPU
		{08358BDA-A783-4179-80A5-1238E16A0D95}.Release|Any CPU.Build.0 = Release|Any CPU
	EndGlobalSection
	GlobalSection(SolutionProperties) = preSolution
		HideSolutionNode = FALSE
	EndGlobalSection
	GlobalSection(ExtensibilityGlobals) = postSolution
		SolutionGuid = {585F5F29-2FAE-47C8-AC19-22C58BBE76D4}
	EndGlobalSection
EndGlobal
